
Microsoft Visual Studio Solution File, Format Version 12.00
# Visual Studio Version 16
VisualStudioVersion = 16.0.29920.165
MinimumVisualStudioVersion = 10.0.40219.1
Project("{FAE04EC0-301F-11D3-BF4B-00C04F79EFBC}") = "Quizz", "Quizz.csproj", "{57FD85E7-E851-47FD-9A70-D23002D22117}"
EndProject
Global
	GlobalSection(SolutionConfigurationPlatforms) = preSolution
		Debug|Any CPU = Debug|Any CPU
		Release|Any CPU = Release|Any CPU
	EndGlobalSection
	GlobalSection(ProjectConfigurationPlatforms) = postSolution
		{57FD85E7-E851-47FD-9A70-D23002D22117}.Debug|Any CPU.ActiveCfg = Debug|Any CPU
		{57FD85E7-E851-47FD-9A70-D23002D22117}.Debug|Any CPU.Build.0 = Debug|Any CPU
		{57FD85E7-E851-47FD-9A70-D23002D22117}.Release|Any CPU.ActiveCfg = Release|Any CPU
		{57FD85E7-E851-47FD-9A70-D23002D22117}.Release|Any CPU.Build.0 = Release|Any CPU
	EndGlobalSection
	GlobalSection(SolutionProperties) = preSolution
		HideSolutionNode = FALSE
	EndGlobalSection
	GlobalSection(ExtensibilityGlobals) = postSolution
		SolutionGuid = {DF10E309-E6D9-42C9-9E79-5925337DFD78}
	EndGlobalSection
EndGlobal
